{
  "name": "@ogulcancelik/pi-minimal-footer",
  "version": "0.1.10",
  "lockfileVersion": 3,
  "requires": true,
  "packages": {
    "": {
      "name": "@ogulcancelik/pi-minimal-footer",
      "version": "0.1.10",
      "license": "MIT",
      "engines": {
        "node": ">=18.0.0"
      }
    }
  }
}
