{
  "name": "@richardgill/pi-preset",
  "version": "0.0.8",
  "lockfileVersion": 3,
  "requires": true,
  "packages": {
    "": {
      "name": "@richardgill/pi-preset",
      "version": "0.0.8",
      "dependencies": {
        "@richardgill/pi-config": "0.0.8",
        "zod": "4.3.6"
      },
      "peerDependencies": {
        "@earendil-works/pi-ai": "*",
        "@earendil-works/pi-coding-agent": "*",
        "@earendil-works/pi-tui": "*"
      },
      "peerDependenciesMeta": {
        "@earendil-works/pi-ai": {
          "optional": true
        },
        "@earendil-works/pi-coding-agent": {
          "optional": true
        },
        "@earendil-works/pi-tui": {
          "optional": true
        }
      }
    },
    "node_modules/@richardgill/pi-config": {
      "version": "0.0.8",
      "resolved": "https://registry.npmjs.org/@richardgill/pi-config/-/pi-config-0.0.8.tgz",
      "integrity": "sha512-J6Qf025+KOpCxfPUKi4lNaWGXdk6rVr9Tb0wXOdP1uqiEXSDNAuRW0YFH1y4iK3i/JDS7J11GDc+xT19DHAHIA==",
      "dependencies": {
        "jsonc-parser": "3.3.1"
      },
      "peerDependencies": {
        "@earendil-works/pi-coding-agent": "*",
        "zod": "*"
      },
      "peerDependenciesMeta": {
        "@earendil-works/pi-coding-agent": {
          "optional": true
        }
      }
    },
    "node_modules/jsonc-parser": {
      "version": "3.3.1",
      "resolved": "https://registry.npmjs.org/jsonc-parser/-/jsonc-parser-3.3.1.tgz",
      "integrity": "sha512-HUgH65KyejrUFPvHFPbqOY0rsFip3Bo5wb4ngvdi1EpCYWUQDC5V+Y7mZws+DLkr4M//zQJoanu1SP+87Dv1oQ==",
      "license": "MIT"
    },
    "node_modules/zod": {
      "version": "4.3.6",
      "resolved": "https://registry.npmjs.org/zod/-/zod-4.3.6.tgz",
      "integrity": "sha512-rftlrkhHZOcjDwkGlnUtZZkvaPHCsDATp4pGpuOOMDaTdDDXF91wuVDJoWoPsKX/3YPQ5fHuF3STjcYyKr+Qhg==",
      "license": "MIT",
      "funding": {
        "url": "https://github.com/sponsors/colinhacks"
      }
    }
  }
}
